
Microsoft Visual Studio Solution File, Format Version 12.00
# Visual Studio Version 17
VisualStudioVersion = 17.9.34701.34
MinimumVisualStudioVersion = 10.0.40219.1
Project("{2150E333-8FDC-42A3-9474-1A3956D46DE8}") = "Core", "Core", "{DB9DF130-A142-451D-AD63-860B297120CD}"
EndProject
Project("{2150E333-8FDC-42A3-9474-1A3956D46DE8}") = "Infrastructure", "Infrastructure", "{E91CEF5C-825B-4B44-9160-A5AFD09330D3}"
EndProject
Project("{2150E333-8FDC-42A3-9474-1A3956D46DE8}") = "Presentation", "Presentation", "{4315E561-7B11-4E4B-A933-108621463035}"
EndProject
Project("{9A19103F-16F7-4668-BE54-9A1E7A4F7556}") = "AgendaApi.Domain", "AgendaApi.Domain\AgendaApi.Domain.csproj", "{7E2B763A-3A0F-4F8B-AAA0-4ED22B0E3726}"
EndProject
Project("{9A19103F-16F7-4668-BE54-9A1E7A4F7556}") = "AgendaApi.Application", "AgendaApi.Application\AgendaApi.Application.csproj", "{148202CD-0CE7-41B1-965F-82A613996CE1}"
EndProject
Project("{9A19103F-16F7-4668-BE54-9A1E7A4F7556}") = "AgendaApi.Persistence", "AgendaApi.Persistence\AgendaApi.Persistence.csproj", "{677C400D-EB5D-4FE8-B7DC-28D390D742CE}"
EndProject
Project("{9A19103F-16F7-4668-BE54-9A1E7A4F7556}") = "AgendaApi.API", "AgendaApi.API\AgendaApi.API.csproj", "{8C766638-7AF3-4225-8926-C28638C504F3}"
EndProject
Global
	GlobalSection(SolutionConfigurationPlatforms) = preSolution
		Debug|Any CPU = Debug|Any CPU
		Release|Any CPU = Release|Any CPU
	EndGlobalSection
	GlobalSection(ProjectConfigurationPlatforms) = postSolution
		{7E2B763A-3A0F-4F8B-AAA0-4ED22B0E3726}.Debug|Any CPU.ActiveCfg = Debug|Any CPU
		{7E2B763A-3A0F-4F8B-AAA0-4ED22B0E3726}.Debug|Any CPU.Build.0 = Debug|Any CPU
		{7E2B763A-3A0F-4F8B-AAA0-4ED22B0E3726}.Release|Any CPU.ActiveCfg = Release|Any CPU
		{7E2B763A-3A0F-4F8B-AAA0-4ED22B0E3726}.Release|Any CPU.Build.0 = Release|Any CPU
		{148202CD-0CE7-41B1-965F-82A613996CE1}.Debug|Any CPU.ActiveCfg = Debug|Any CPU
		{148202CD-0CE7-41B1-965F-82A613996CE1}.Debug|Any CPU.Build.0 = Debug|Any CPU
		{148202CD-0CE7-41B1-965F-82A613996CE1}.Release|Any CPU.ActiveCfg = Release|Any CPU
		{148202CD-0CE7-41B1-965F-82A613996CE1}.Release|Any CPU.Build.0 = Release|Any CPU
		{677C400D-EB5D-4FE8-B7DC-28D390D742CE}.Debug|Any CPU.ActiveCfg = Debug|Any CPU
		{677C400D-EB5D-4FE8-B7DC-28D390D742CE}.Debug|Any CPU.Build.0 = Debug|Any CPU
		{677C400D-EB5D-4FE8-B7DC-28D390D742CE}.Release|Any CPU.ActiveCfg = Release|Any CPU
		{677C400D-EB5D-4FE8-B7DC-28D390D742CE}.Release|Any CPU.Build.0 = Release|Any CPU
		{8C766638-7AF3-4225-8926-C28638C504F3}.Debug|Any CPU.ActiveCfg = Debug|Any CPU
		{8C766638-7AF3-4225-8926-C28638C504F3}.Debug|Any CPU.Build.0 = Debug|Any CPU
		{8C766638-7AF3-4225-8926-C28638C504F3}.Release|Any CPU.ActiveCfg = Release|Any CPU
		{8C766638-7AF3-4225-8926-C28638C504F3}.Release|Any CPU.Build.0 = Release|Any CPU
	EndGlobalSection
	GlobalSection(SolutionProperties) = preSolution
		HideSolutionNode = FALSE
	EndGlobalSection
	GlobalSection(NestedProjects) = preSolution
		{7E2B763A-3A0F-4F8B-AAA0-4ED22B0E3726} = {DB9DF130-A142-451D-AD63-860B297120CD}
		{148202CD-0CE7-41B1-965F-82A613996CE1} = {DB9DF130-A142-451D-AD63-860B297120CD}
		{677C400D-EB5D-4FE8-B7DC-28D390D742CE} = {E91CEF5C-825B-4B44-9160-A5AFD09330D3}
		{8C766638-7AF3-4225-8926-C28638C504F3} = {4315E561-7B11-4E4B-A933-108621463035}
	EndGlobalSection
	GlobalSection(ExtensibilityGlobals) = postSolution
		SolutionGuid = {5B0B8A68-1076-4652-9D4D-E672C4879373}
	EndGlobalSection
EndGlobal
